
Microsoft Visual Studio Solution File, Format Version 12.00
# Visual Studio Version 17
VisualStudioVersion = 17.1.32328.378
MinimumVisualStudioVersion = 10.0.40219.1
Project("{FAE04EC0-301F-11D3-BF4B-00C04F79EFBC}") = "MVC_with_EF_2022", "MVC_with_EF_2022\MVC_with_EF_2022.csproj", "{BB26F9ED-5799-42FC-9D13-C125D35BF020}"
EndProject
Global
	GlobalSection(SolutionConfigurationPlatforms) = preSolution
		Debug|Any CPU = Debug|Any CPU
		Release|Any CPU = Release|Any CPU
	EndGlobalSection
	GlobalSection(ProjectConfigurationPlatforms) = postSolution
		{BB26F9ED-5799-42FC-9D13-C125D35BF020}.Debug|Any CPU.ActiveCfg = Debug|Any CPU
		{BB26F9ED-5799-42FC-9D13-C125D35BF020}.Debug|Any CPU.Build.0 = Debug|Any CPU
		{BB26F9ED-5799-42FC-9D13-C125D35BF020}.Release|Any CPU.ActiveCfg = Release|Any CPU
		{BB26F9ED-5799-42FC-9D13-C125D35BF020}.Release|Any CPU.Build.0 = Release|Any CPU
	EndGlobalSection
	GlobalSection(SolutionProperties) = preSolution
		HideSolutionNode = FALSE
	EndGlobalSection
	GlobalSection(ExtensibilityGlobals) = postSolution
		SolutionGuid = {EBCE613B-DE9C-4415-A19A-A5A579B475E7}
	EndGlobalSection
EndGlobal
