
Microsoft Visual Studio Solution File, Format Version 12.00
# Visual Studio Version 17
VisualStudioVersion = 17.1.32328.378
MinimumVisualStudioVersion = 10.0.40219.1
Project("{FAE04EC0-301F-11D3-BF4B-00C04F79EFBC}") = "API_with_EF_2022", "API_with_EF_2022\API_with_EF_2022.csproj", "{C3EB3DAF-25A1-4F42-A43E-7CE9B1756DCF}"
EndProject
Global
	GlobalSection(SolutionConfigurationPlatforms) = preSolution
		Debug|Any CPU = Debug|Any CPU
		Release|Any CPU = Release|Any CPU
	EndGlobalSection
	GlobalSection(ProjectConfigurationPlatforms) = postSolution
		{C3EB3DAF-25A1-4F42-A43E-7CE9B1756DCF}.Debug|Any CPU.ActiveCfg = Debug|Any CPU
		{C3EB3DAF-25A1-4F42-A43E-7CE9B1756DCF}.Debug|Any CPU.Build.0 = Debug|Any CPU
		{C3EB3DAF-25A1-4F42-A43E-7CE9B1756DCF}.Release|Any CPU.ActiveCfg = Release|Any CPU
		{C3EB3DAF-25A1-4F42-A43E-7CE9B1756DCF}.Release|Any CPU.Build.0 = Release|Any CPU
	EndGlobalSection
	GlobalSection(SolutionProperties) = preSolution
		HideSolutionNode = FALSE
	EndGlobalSection
	GlobalSection(ExtensibilityGlobals) = postSolution
		SolutionGuid = {8A6B7C97-D545-40EC-95D6-5456D8571C5B}
	EndGlobalSection
EndGlobal
