
Microsoft Visual Studio Solution File, Format Version 12.00
# Visual Studio Version 17
VisualStudioVersion = 17.1.32328.378
MinimumVisualStudioVersion = 10.0.40219.1
Project("{FAE04EC0-301F-11D3-BF4B-00C04F79EFBC}") = "ConsumingApis_2022", "ConsumingApis_2022\ConsumingApis_2022.csproj", "{3124AE4C-FB93-4421-B5D2-1F52E3124332}"
EndProject
Global
	GlobalSection(SolutionConfigurationPlatforms) = preSolution
		Debug|Any CPU = Debug|Any CPU
		Release|Any CPU = Release|Any CPU
	EndGlobalSection
	GlobalSection(ProjectConfigurationPlatforms) = postSolution
		{3124AE4C-FB93-4421-B5D2-1F52E3124332}.Debug|Any CPU.ActiveCfg = Debug|Any CPU
		{3124AE4C-FB93-4421-B5D2-1F52E3124332}.Debug|Any CPU.Build.0 = Debug|Any CPU
		{3124AE4C-FB93-4421-B5D2-1F52E3124332}.Release|Any CPU.ActiveCfg = Release|Any CPU
		{3124AE4C-FB93-4421-B5D2-1F52E3124332}.Release|Any CPU.Build.0 = Release|Any CPU
	EndGlobalSection
	GlobalSection(SolutionProperties) = preSolution
		HideSolutionNode = FALSE
	EndGlobalSection
	GlobalSection(ExtensibilityGlobals) = postSolution
		SolutionGuid = {5F28553C-9AE1-4E2D-96A8-89E503F9FA05}
	EndGlobalSection
EndGlobal
