
Microsoft Visual Studio Solution File, Format Version 12.00
# Visual Studio Version 17
VisualStudioVersion = 17.3.32901.215
MinimumVisualStudioVersion = 10.0.40219.1
Project("{9A19103F-16F7-4668-BE54-9A1E7A4F7556}") = "LibraryTerminal", "LibraryTerminal\LibraryTerminal.csproj", "{8B3F996B-6FA7-491E-8B6E-F817E86766A3}"
EndProject
Project("{9A19103F-16F7-4668-BE54-9A1E7A4F7556}") = "LibraryTerminal.Tests", "LibraryTerminal.Tests\LibraryTerminal.Tests.csproj", "{ABE724DF-377A-451D-B1D1-21967762C935}"
EndProject
Global
	GlobalSection(SolutionConfigurationPlatforms) = preSolution
		Debug|Any CPU = Debug|Any CPU
		Release|Any CPU = Release|Any CPU
	EndGlobalSection
	GlobalSection(ProjectConfigurationPlatforms) = postSolution
		{8B3F996B-6FA7-491E-8B6E-F817E86766A3}.Debug|Any CPU.ActiveCfg = Debug|Any CPU
		{8B3F996B-6FA7-491E-8B6E-F817E86766A3}.Debug|Any CPU.Build.0 = Debug|Any CPU
		{8B3F996B-6FA7-491E-8B6E-F817E86766A3}.Release|Any CPU.ActiveCfg = Release|Any CPU
		{8B3F996B-6FA7-491E-8B6E-F817E86766A3}.Release|Any CPU.Build.0 = Release|Any CPU
		{ABE724DF-377A-451D-B1D1-21967762C935}.Debug|Any CPU.ActiveCfg = Debug|Any CPU
		{ABE724DF-377A-451D-B1D1-21967762C935}.Debug|Any CPU.Build.0 = Debug|Any CPU
		{ABE724DF-377A-451D-B1D1-21967762C935}.Release|Any CPU.ActiveCfg = Release|Any CPU
		{ABE724DF-377A-451D-B1D1-21967762C935}.Release|Any CPU.Build.0 = Release|Any CPU
	EndGlobalSection
	GlobalSection(SolutionProperties) = preSolution
		HideSolutionNode = FALSE
	EndGlobalSection
	GlobalSection(ExtensibilityGlobals) = postSolution
		SolutionGuid = {4BC3E593-DCE8-4C6A-9193-277777B851F4}
	EndGlobalSection
EndGlobal
